// !$*UTF8*$!
{
	archiveVersion = 1;
	classes = {
	};
	objectVersion = 46;
	objects = {

/* Begin PBXBuildFile section */
		1FC241DE1C9FF0ED002192F6 /* main.m in Sources */ = {isa = PBXBuildFile; fileRef = 1FC241DD1C9FF0ED002192F6 /* main.m */; };
		1FC241E11C9FF0ED002192F6 /* AppDelegate.m in Sources */ = {isa = PBXBuildFile; fileRef = 1FC241E01C9FF0ED002192F6 /* AppDelegate.m */; };
		1FC241E41C9FF0ED002192F6 /* ViewController.m in Sources */ = {isa = PBXBuildFile; fileRef = 1FC241E31C9FF0ED002192F6 /* ViewController.m */; };
		1FC241E71C9FF0ED002192F6 /* Main.storyboard in Resources */ = {isa = PBXBuildFile; fileRef = 1FC241E51C9FF0ED002192F6 /* Main.storyboard */; };
		1FC241E91C9FF0ED002192F6 /* Assets.xcassets in Resources */ = {isa = PBXBuildFile; fileRef = 1FC241E81C9FF0ED002192F6 /* Assets.xcassets */; };
		1FC241EC1C9FF0ED002192F6 /* LaunchScreen.storyboard in Resources */ = {isa = PBXBuildFile; fileRef = 1FC241EA1C9FF0ED002192F6 /* LaunchScreen.storyboard */; };
		1FC241F71C9FF0ED002192F6 /* TestTests.m in Sources */ = {isa = PBXBuildFile; fileRef = 1FC241F61C9FF0ED002192F6 /* TestTests.m */; };
		1FC242021C9FF0ED002192F6 /* TestUITests.m in Sources */ = {isa = PBXBuildFile; fileRef = 1FC242011C9FF0ED002192F6 /* TestUITests.m */; };
		1FC242141C9FF2DA002192F6 /* myTableViewCell.m in Sources */ = {isa = PBXBuildFile; fileRef = 1FC242131C9FF2DA002192F6 /* myTableViewCell.m */; };
/* End PBXBuildFile section */

/* Begin PBXContainerItemProxy section */
		1FC241F31C9FF0ED002192F6 /* PBXContainerItemProxy */ = {
			isa = PBXContainerItemProxy;
			containerPortal = 1FC241D11C9FF0ED002192F6 /* Project object */;
			proxyType = 1;
			remoteGlobalIDString = 1FC241D81C9FF0ED002192F6;
			remoteInfo = Test;
		};
		1FC241FE1C9FF0ED002192F6 /* PBXContainerItemProxy */ = {
			isa = PBXContainerItemProxy;
			containerPortal = 1FC241D11C9FF0ED002192F6 /* Project object */;
			proxyType = 1;
			remoteGlobalIDString = 1FC241D81C9FF0ED002192F6;
			remoteInfo = Test;
		};
/* End PBXContainerItemProxy section */

/* Begin PBXFileReference section */
		1FC241D91C9FF0ED002192F6 /* Test.app */ = {isa = PBXFileReference; explicitFileType = wrapper.application; includeInIndex = 0; path = Test.app; sourceTree = BUILT_PRODUCTS_DIR; };
		1FC241DD1C9FF0ED002192F6 /* main.m */ = {isa = PBXFileReference; lastKnownFileType = sourcecode.c.objc; path = main.m; sourceTree = "<group>"; };
		1FC241DF1C9FF0ED002192F6 /* AppDelegate.h */ = {isa = PBXFileReference; lastKnownFileType = sourcecode.c.h; path = AppDelegate.h; sourceTree = "<group>"; };
		1FC241E01C9FF0ED002192F6 /* AppDelegate.m */ = {isa = PBXFileReference; lastKnownFileType = sourcecode.c.objc; path = AppDelegate.m; sourceTree = "<group>"; };
		1FC241E21C9FF0ED002192F6 /* ViewController.h */ = {isa = PBXFileReference; lastKnownFileType = sourcecode.c.h; path = ViewController.h; sourceTree = "<group>"; };
		1FC241E31C9FF0ED002192F6 /* ViewController.m */ = {isa = PBXFileReference; lastKnownFileType = sourcecode.c.objc; path = ViewController.m; sourceTree = "<group>"; };
		1FC241E61C9FF0ED002192F6 /* Base */ = {isa = PBXFileReference; lastKnownFileType = file.storyboard; name = Base; path = Base.lproj/Main.storyboard; sourceTree = "<group>"; };
		1FC241E81C9FF0ED002192F6 /* Assets.xcassets */ = {isa = PBXFileReference; lastKnownFileType = folder.assetcatalog; path = Assets.xcassets; sourceTree = "<group>"; };
		1FC241EB1C9FF0ED002192F6 /* Base */ = {isa = PBXFileReference; lastKnownFileType = file.storyboard; name = Base; path = Base.lproj/LaunchScreen.storyboard; sourceTree = "<group>"; };
		1FC241ED1C9FF0ED002192F6 /* Info.plist */ = {isa = PBXFileReference; lastKnownFileType = text.plist.xml; path = Info.plist; sourceTree = "<group>"; };
		1FC241F21C9FF0ED002192F6 /* TestTests.xctest */ = {isa = PBXFileReference; explicitFileType = wrapper.cfbundle; includeInIndex = 0; path = TestTests.xctest; sourceTree = BUILT_PRODUCTS_DIR; };
		1FC241F61C9FF0ED002192F6 /* TestTests.m */ = {isa = PBXFileReference; lastKnownFileType = sourcecode.c.objc; path = TestTests.m; sourceTree = "<group>"; };
		1FC241F81C9FF0ED002192F6 /* Info.plist */ = {isa = PBXFileReference; lastKnownFileType = text.plist.xml; path = Info.plist; sourceTree = "<group>"; };
		1FC241FD1C9FF0ED002192F6 /* TestUITests.xctest */ = {isa = PBXFileReference; explicitFileType = wrapper.cfbundle; includeInIndex = 0; path = TestUITests.xctest; sourceTree = BUILT_PRODUCTS_DIR; };
		1FC242011C9FF0ED002192F6 /* TestUITests.m */ = {isa = PBXFileReference; lastKnownFileType = sourcecode.c.objc; path = TestUITests.m; sourceTree = "<group>"; };
		1FC242031C9FF0ED002192F6 /* Info.plist */ = {isa = PBXFileReference; lastKnownFileType = text.plist.xml; path = Info.plist; sourceTree = "<group>"; };
		1FC242121C9FF2DA002192F6 /* myTableViewCell.h */ = {isa = PBXFileReference; fileEncoding = 4; lastKnownFileType = sourcecode.c.h; path = myTableViewCell.h; sourceTree = "<group>"; };
		1FC242131C9FF2DA002192F6 /* myTableViewCell.m */ = {isa = PBXFileReference; fileEncoding = 4; lastKnownFileType = sourcecode.c.objc; path = myTableViewCell.m; sourceTree = "<group>"; };
/* End PBXFileReference section */

/* Begin PBXFrameworksBuildPhase section */
		1FC241D61C9FF0ED002192F6 /* Frameworks */ = {
			isa = PBXFrameworksBuildPhase;
			buildActionMask = 2147483647;
			files = (
			);
			runOnlyForDeploymentPostprocessing = 0;
		};
		1FC241EF1C9FF0ED002192F6 /* Frameworks */ = {
			isa = PBXFrameworksBuildPhase;
			buildActionMask = 2147483647;
			files = (
			);
			runOnlyForDeploymentPostprocessing = 0;
		};
		1FC241FA1C9FF0ED002192F6 /* Frameworks */ = {
			isa = PBXFrameworksBuildPhase;
			buildActionMask = 2147483647;
			files = (
			);
			runOnlyForDeploymentPostprocessing = 0;
		};
/* End PBXFrameworksBuildPhase section */

/* Begin PBXGroup section */
		1FC241D01C9FF0ED002192F6 = {
			isa = PBXGroup;
			children = (
				1FC241DB1C9FF0ED002192F6 /* Test */,
				1FC241F51C9FF0ED002192F6 /* TestTests */,
				1FC242001C9FF0ED002192F6 /* TestUITests */,
				1FC241DA1C9FF0ED002192F6 /* Products */,
			);
			sourceTree = "<group>";
		};
		1FC241DA1C9FF0ED002192F6 /* Products */ = {
			isa = PBXGroup;
			children = (
				1FC241D91C9FF0ED002192F6 /* Test.app */,
				1FC241F21C9FF0ED002192F6 /* TestTests.xctest */,
				1FC241FD1C9FF0ED002192F6 /* TestUITests.xctest */,
			);
			name = Products;
			sourceTree = "<group>";
		};
		1FC241DB1C9FF0ED002192F6 /* Test */ = {
			isa = PBXGroup;
			children = (
				1FC241DF1C9FF0ED002192F6 /* AppDelegate.h */,
				1FC241E01C9FF0ED002192F6 /* AppDelegate.m */,
				1FC241E21C9FF0ED002192F6 /* ViewController.h */,
				1FC241E31C9FF0ED002192F6 /* ViewController.m */,
				1FC242121C9FF2DA002192F6 /* myTableViewCell.h */,
				1FC242131C9FF2DA002192F6 /* myTableViewCell.m */,
				1FC241E51C9FF0ED002192F6 /* Main.storyboard */,
				1FC241E81C9FF0ED002192F6 /* Assets.xcassets */,
				1FC241EA1C9FF0ED002192F6 /* LaunchScreen.storyboard */,
				1FC241ED1C9FF0ED002192F6 /* Info.plist */,
				1FC241DC1C9FF0ED002192F6 /* Supporting Files */,
			);
			path = Test;
			sourceTree = "<group>";
		};
		1FC241DC1C9FF0ED002192F6 /* Supporting Files */ = {
			isa = PBXGroup;
			children = (
				1FC241DD1C9FF0ED002192F6 /* main.m */,
			);
			name = "Supporting Files";
			sourceTree = "<group>";
		};
		1FC241F51C9FF0ED002192F6 /* TestTests */ = {
			isa = PBXGroup;
			children = (
				1FC241F61C9FF0ED002192F6 /* TestTests.m */,
				1FC241F81C9FF0ED002192F6 /* Info.plist */,
			);
			path = TestTests;
			sourceTree = "<group>";
		};
		1FC242001C9FF0ED002192F6 /* TestUITests */ = {
			isa = PBXGroup;
			children = (
				1FC242011C9FF0ED002192F6 /* TestUITests.m */,
				1FC242031C9FF0ED002192F6 /* Info.plist */,
			);
			path = TestUITests;
			sourceTree = "<group>";
		};
/* End PBXGroup section */

/* Begin PBXNativeTarget section */
		1FC241D81C9FF0ED002192F6 /* Test */ = {
			isa = PBXNativeTarget;
			buildConfigurationList = 1FC242061C9FF0ED002192F6 /* Build configuration list for PBXNativeTarget "Test" */;
			buildPhases = (
				1FC241D51C9FF0ED002192F6 /* Sources */,
				1FC241D61C9FF0ED002192F6 /* Frameworks */,
				1FC241D71C9FF0ED002192F6 /* Resources */,
			);
			buildRules = (
			);
			dependencies = (
			);
			name = Test;
			productName = Test;
			productReference = 1FC241D91C9FF0ED002192F6 /* Test.app */;
			productType = "com.apple.product-type.application";
		};
		1FC241F11C9FF0ED002192F6 /* TestTests */ = {
			isa = PBXNativeTarget;
			buildConfigurationList = 1FC242091C9FF0ED002192F6 /* Build configuration list for PBXNativeTarget "TestTests" */;
			buildPhases = (
				1FC241EE1C9FF0ED002192F6 /* Sources */,
				1FC241EF1C9FF0ED002192F6 /* Frameworks */,
				1FC241F01C9FF0ED002192F6 /* Resources */,
			);
			buildRules = (
			);
			dependencies = (
				1FC241F41C9FF0ED002192F6 /* PBXTargetDependency */,
			);
			name = TestTests;
			productName = TestTests;
			productReference = 1FC241F21C9FF0ED002192F6 /* TestTests.xctest */;
			productType = "com.apple.product-type.bundle.unit-test";
		};
		1FC241FC1C9FF0ED002192F6 /* TestUITests */ = {
			isa = PBXNativeTarget;
			buildConfigurationList = 1FC2420C1C9FF0ED002192F6 /* Build configuration list for PBXNativeTarget "TestUITests" */;
			buildPhases = (
				1FC241F91C9FF0ED002192F6 /* Sources */,
				1FC241FA1C9FF0ED002192F6 /* Frameworks */,
				1FC241FB1C9FF0ED002192F6 /* Resources */,
			);
			buildRules = (
			);
			dependencies = (
				1FC241FF1C9FF0ED002192F6 /* PBXTargetDependency */,
			);
			name = TestUITests;
			productName = TestUITests;
			productReference = 1FC241FD1C9FF0ED002192F6 /* TestUITests.xctest */;
			productType = "com.apple.product-type.bundle.ui-testing";
		};
/* End PBXNativeTarget section */

/* Begin PBXProject section */
		1FC241D11C9FF0ED002192F6 /* Project object */ = {
			isa = PBXProject;
			attributes = {
				LastUpgradeCheck = 0720;
				ORGANIZATIONNAME = "张健";
				TargetAttributes = {
					1FC241D81C9FF0ED002192F6 = {
						CreatedOnToolsVersion = 7.2.1;
					};
					1FC241F11C9FF0ED002192F6 = {
						CreatedOnToolsVersion = 7.2.1;
						TestTargetID = 1FC241D81C9FF0ED002192F6;
					};
					1FC241FC1C9FF0ED002192F6 = {
						CreatedOnToolsVersion = 7.2.1;
						TestTargetID = 1FC241D81C9FF0ED002192F6;
					};
				};
			};
			buildConfigurationList = 1FC241D41C9FF0ED002192F6 /* Build configuration list for PBXProject "Test" */;
			compatibilityVersion = "Xcode 3.2";
			developmentRegion = English;
			hasScannedForEncodings = 0;
			knownRegions = (
				en,
				Base,
			);
			mainGroup = 1FC241D01C9FF0ED002192F6;
			productRefGroup = 1FC241DA1C9FF0ED002192F6 /* Products */;
			projectDirPath = "";
			projectRoot = "";
			targets = (
				1FC241D81C9FF0ED002192F6 /* Test */,
				1FC241F11C9FF0ED002192F6 /* TestTests */,
				1FC241FC1C9FF0ED002192F6 /* TestUITests */,
			);
		};
/* End PBXProject section */

/* Begin PBXResourcesBuildPhase section */
		1FC241D71C9FF0ED002192F6 /* Resources */ = {
			isa = PBXResourcesBuildPhase;
			buildActionMask = 2147483647;
			files = (
				1FC241EC1C9FF0ED002192F6 /* LaunchScreen.storyboard in Resources */,
				1FC241E91C9FF0ED002192F6 /* Assets.xcassets in Resources */,
				1FC241E71C9FF0ED002192F6 /* Main.storyboard in Resources */,
			);
			runOnlyForDeploymentPostprocessing = 0;
		};
		1FC241F01C9FF0ED002192F6 /* Resources */ = {
			isa = PBXResourcesBuildPhase;
			buildActionMask = 2147483647;
			files = (
			);
			runOnlyForDeploymentPostprocessing = 0;
		};
		1FC241FB1C9FF0ED002192F6 /* Resources */ = {
			isa = PBXResourcesBuildPhase;
			buildActionMask = 2147483647;
			files = (
			);
			runOnlyForDeploymentPostprocessing = 0;
		};
/* End PBXResourcesBuildPhase section */

/* Begin PBXSourcesBuildPhase section */
		1FC241D51C9FF0ED002192F6 /* Sources */ = {
			isa = PBXSourcesBuildPhase;
			buildActionMask = 2147483647;
			files = (
				1FC241E41C9FF0ED002192F6 /* ViewController.m in Sources */,
				1FC242141C9FF2DA002192F6 /* myTableViewCell.m in Sources */,
				1FC241E11C9FF0ED002192F6 /* AppDelegate.m in Sources */,
				1FC241DE1C9FF0ED002192F6 /* main.m in Sources */,
			);
			runOnlyForDeploymentPostprocessing = 0;
		};
		1FC241EE1C9FF0ED002192F6 /* Sources */ = {
			isa = PBXSourcesBuildPhase;
			buildActionMask = 2147483647;
			files = (
				1FC241F71C9FF0ED002192F6 /* TestTests.m in Sources */,
			);
			runOnlyForDeploymentPostprocessing = 0;
		};
		1FC241F91C9FF0ED002192F6 /* Sources */ = {
			isa = PBXSourcesBuildPhase;
			buildActionMask = 2147483647;
			files = (
				1FC242021C9FF0ED002192F6 /* TestUITests.m in Sources */,
			);
			runOnlyForDeploymentPostprocessing = 0;
		};
/* End PBXSourcesBuildPhase section */

/* Begin PBXTargetDependency section */
		1FC241F41C9FF0ED002192F6 /* PBXTargetDependency */ = {
			isa = PBXTargetDependency;
			target = 1FC241D81C9FF0ED002192F6 /* Test */;
			targetProxy = 1FC241F31C9FF0ED002192F6 /* PBXContainerItemProxy */;
		};
		1FC241FF1C9FF0ED002192F6 /* PBXTargetDependency */ = {
			isa = PBXTargetDependency;
			target = 1FC241D81C9FF0ED002192F6 /* Test */;
			targetProxy = 1FC241FE1C9FF0ED002192F6 /* PBXContainerItemProxy */;
		};
/* End PBXTargetDependency section */

/* Begin PBXVariantGroup section */
		1FC241E51C9FF0ED002192F6 /* Main.storyboard */ = {
			isa = PBXVariantGroup;
			children = (
				1FC241E61C9FF0ED002192F6 /* Base */,
			);
			name = Main.storyboard;
			sourceTree = "<group>";
		};
		1FC241EA1C9FF0ED002192F6 /* LaunchScreen.storyboard */ = {
			isa = PBXVariantGroup;
			children = (
				1FC241EB1C9FF0ED002192F6 /* Base */,
			);
			name = LaunchScreen.storyboard;
			sourceTree = "<group>";
		};
/* End PBXVariantGroup section */

/* Begin XCBuildConfiguration section */
		1FC242041C9FF0ED002192F6 /* Debug */ = {
			isa = XCBuildConfiguration;
			buildSettings = {
				ALWAYS_SEARCH_USER_PATHS = NO;
				CLANG_CXX_LANGUAGE_STANDARD = "gnu++0x";
				CLANG_CXX_LIBRARY = "libc++";
				CLANG_ENABLE_MODULES = YES;
				CLANG_ENABLE_OBJC_ARC = YES;
				CLANG_WARN_BOOL_CONVERSION = YES;
				CLANG_WARN_CONSTANT_CONVERSION = YES;
				CLANG_WARN_DIRECT_OBJC_ISA_USAGE = YES_ERROR;
				CLANG_WARN_EMPTY_BODY = YES;
				CLANG_WARN_ENUM_CONVERSION = YES;
				CLANG_WARN_INT_CONVERSION = YES;
				CLANG_WARN_OBJC_ROOT_CLASS = YES_ERROR;
				CLANG_WARN_UNREACHABLE_CODE = YES;
				CLANG_WARN__DUPLICATE_METHOD_MATCH = YES;
				"CODE_SIGN_IDENTITY[sdk=iphoneos*]" = "iPhone Developer";
				COPY_PHASE_STRIP = NO;
				DEBUG_INFORMATION_FORMAT = dwarf;
				ENABLE_STRICT_OBJC_MSGSEND = YES;
				ENABLE_TESTABILITY = YES;
				GCC_C_LANGUAGE_STANDARD = gnu99;
				GCC_DYNAMIC_NO_PIC = NO;
				GCC_NO_COMMON_BLOCKS = YES;
				GCC_OPTIMIZATION_LEVEL = 0;
				GCC_PREPROCESSOR_DEFINITIONS = (
					"DEBUG=1",
					"$(inherited)",
				);
				GCC_WARN_64_TO_32_BIT_CONVERSION = YES;
				GCC_WARN_ABOUT_RETURN_TYPE = YES_ERROR;
				GCC_WARN_UNDECLARED_SELECTOR = YES;
				GCC_WARN_UNINITIALIZED_AUTOS = YES_AGGRESSIVE;
				GCC_WARN_UNUSED_FUNCTION = YES;
				GCC_WARN_UNUSED_VARIABLE = YES;
				IPHONEOS_DEPLOYMENT_TARGET = 9.2;
				MTL_ENABLE_DEBUG_INFO = YES;
				ONLY_ACTIVE_ARCH = YES;
				SDKROOT = iphoneos;
			};
			name = Debug;
		};
		1FC242051C9FF0ED002192F6 /* Release */ = {
			isa = XCBuildConfiguration;
			buildSettings = {
				ALWAYS_SEARCH_USER_PATHS = NO;
				CLANG_CXX_LANGUAGE_STANDARD = "gnu++0x";
				CLANG_CXX_LIBRARY = "libc++";
				CLANG_ENABLE_MODULES = YES;
				CLANG_ENABLE_OBJC_ARC = YES;
				CLANG_WARN_BOOL_CONVERSION = YES;
				CLANG_WARN_CONSTANT_CONVERSION = YES;
				CLANG_WARN_DIRECT_OBJC_ISA_USAGE = YES_ERROR;
				CLANG_WARN_EMPTY_BODY = YES;
				CLANG_WARN_ENUM_CONVERSION = YES;
				CLANG_WARN_INT_CONVERSION = YES;
				CLANG_WARN_OBJC_ROOT_CLASS = YES_ERROR;
				CLANG_WARN_UNREACHABLE_CODE = YES;
				CLANG_WARN__DUPLICATE_METHOD_MATCH = YES;
				"CODE_SIGN_IDENTITY[sdk=iphoneos*]" = "iPhone Developer";
				COPY_PHASE_STRIP = NO;
				DEBUG_INFORMATION_FORMAT = "dwarf-with-dsym";
				ENABLE_NS_ASSERTIONS = NO;
				ENABLE_STRICT_OBJC_MSGSEND = YES;
				GCC_C_LANGUAGE_STANDARD = gnu99;
				GCC_NO_COMMON_BLOCKS = YES;
				GCC_WARN_64_TO_32_BIT_CONVERSION = YES;
				GCC_WARN_ABOUT_RETURN_TYPE = YES_ERROR;
				GCC_WARN_UNDECLARED_SELECTOR = YES;
				GCC_WARN_UNINITIALIZED_AUTOS = YES_AGGRESSIVE;
				GCC_WARN_UNUSED_FUNCTION = YES;
				GCC_WARN_UNUSED_VARIABLE = YES;
				IPHONEOS_DEPLOYMENT_TARGET = 9.2;
				MTL_ENABLE_DEBUG_INFO = NO;
				SDKROOT = iphoneos;
				VALIDATE_PRODUCT = YES;
			};
			name = Release;
		};
		1FC242071C9FF0ED002192F6 /* Debug */ = {
			isa = XCBuildConfiguration;
			buildSettings = {
				ASSETCATALOG_COMPILER_APPICON_NAME = AppIcon;
				INFOPLIST_FILE = Test/Info.plist;
				LD_RUNPATH_SEARCH_PATHS = "$(inherited) @executable_path/Frameworks";
				PRODUCT_BUNDLE_IDENTIFIER = com.sokie.pigrun.Test;
				PRODUCT_NAME = "$(TARGET_NAME)";
			};
			name = Debug;
		};
		1FC242081C9FF0ED002192F6 /* Release */ = {
			isa = XCBuildConfiguration;
			buildSettings = {
				ASSETCATALOG_COMPILER_APPICON_NAME = AppIcon;
				INFOPLIST_FILE = Test/Info.plist;
				LD_RUNPATH_SEARCH_PATHS = "$(inherited) @executable_path/Frameworks";
				PRODUCT_BUNDLE_IDENTIFIER = com.sokie.pigrun.Test;
				PRODUCT_NAME = "$(TARGET_NAME)";
			};
			name = Release;
		};
		1FC2420A1C9FF0ED002192F6 /* Debug */ = {
			isa = XCBuildConfiguration;
			buildSettings = {
				BUNDLE_LOADER = "$(TEST_HOST)";
				INFOPLIST_FILE = TestTests/Info.plist;
				LD_RUNPATH_SEARCH_PATHS = "$(inherited) @executable_path/Frameworks @loader_path/Frameworks";
				PRODUCT_BUNDLE_IDENTIFIER = com.sokie.pigrun.TestTests;
				PRODUCT_NAME = "$(TARGET_NAME)";
				TEST_HOST = "$(BUILT_PRODUCTS_DIR)/Test.app/Test";
			};
			name = Debug;
		};
		1FC2420B1C9FF0ED002192F6 /* Release */ = {
			isa = XCBuildConfiguration;
			buildSettings = {
				BUNDLE_LOADER = "$(TEST_HOST)";
				INFOPLIST_FILE = TestTests/Info.plist;
				LD_RUNPATH_SEARCH_PATHS = "$(inherited) @executable_path/Frameworks @loader_path/Frameworks";
				PRODUCT_BUNDLE_IDENTIFIER = com.sokie.pigrun.TestTests;
				PRODUCT_NAME = "$(TARGET_NAME)";
				TEST_HOST = "$(BUILT_PRODUCTS_DIR)/Test.app/Test";
			};
			name = Release;
		};
		1FC2420D1C9FF0ED002192F6 /* Debug */ = {
			isa = XCBuildConfiguration;
			buildSettings = {
				INFOPLIST_FILE = TestUITests/Info.plist;
				LD_RUNPATH_SEARCH_PATHS = "$(inherited) @executable_path/Frameworks @loader_path/Frameworks";
				PRODUCT_BUNDLE_IDENTIFIER = com.sokie.pigrun.TestUITests;
				PRODUCT_NAME = "$(TARGET_NAME)";
				TEST_TARGET_NAME = Test;
				USES_XCTRUNNER = YES;
			};
			name = Debug;
		};
		1FC2420E1C9FF0ED002192F6 /* Release */ = {
			isa = XCBuildConfiguration;
			buildSettings = {
				INFOPLIST_FILE = TestUITests/Info.plist;
				LD_RUNPATH_SEARCH_PATHS = "$(inherited) @executable_path/Frameworks @loader_path/Frameworks";
				PRODUCT_BUNDLE_IDENTIFIER = com.sokie.pigrun.TestUITests;
				PRODUCT_NAME = "$(TARGET_NAME)";
				TEST_TARGET_NAME = Test;
				USES_XCTRUNNER = YES;
			};
			name = Release;
		};
/* End XCBuildConfiguration section */

/* Begin XCConfigurationList section */
		1FC241D41C9FF0ED002192F6 /* Build configuration list for PBXProject "Test" */ = {
			isa = XCConfigurationList;
			buildConfigurations = (
				1FC242041C9FF0ED002192F6 /* Debug */,
				1FC242051C9FF0ED002192F6 /* Release */,
			);
			defaultConfigurationIsVisible = 0;
			defaultConfigurationName = Release;
		};
		1FC242061C9FF0ED002192F6 /* Build configuration list for PBXNativeTarget "Test" */ = {
			isa = XCConfigurationList;
			buildConfigurations = (
				1FC242071C9FF0ED002192F6 /* Debug */,
				1FC242081C9FF0ED002192F6 /* Release */,
			);
			defaultConfigurationIsVisible = 0;
		};
		1FC242091C9FF0ED002192F6 /* Build configuration list for PBXNativeTarget "TestTests" */ = {
			isa = XCConfigurationList;
			buildConfigurations = (
				1FC2420A1C9FF0ED002192F6 /* Debug */,
				1FC2420B1C9FF0ED002192F6 /* Release */,
			);
			defaultConfigurationIsVisible = 0;
		};
		1FC2420C1C9FF0ED002192F6 /* Build configuration list for PBXNativeTarget "TestUITests" */ = {
			isa = XCConfigurationList;
			buildConfigurations = (
				1FC2420D1C9FF0ED002192F6 /* Debug */,
				1FC2420E1C9FF0ED002192F6 /* Release */,
			);
			defaultConfigurationIsVisible = 0;
		};
/* End XCConfigurationList section */
	};
	rootObject = 1FC241D11C9FF0ED002192F6 /* Project object */;
}
